
Microsoft Visual Studio Solution File, Format Version 12.00
# Visual Studio Version 16
VisualStudioVersion = 16.0.29519.87
MinimumVisualStudioVersion = 10.0.40219.1
Project("{FAE04EC0-301F-11D3-BF4B-00C04F79EFBC}") = "Tasks.Test", "Task1.Test\Tasks.Test.csproj", "{C6FE6E01-C8E8-4713-B832-643DECB5785C}"
EndProject
Project("{FAE04EC0-301F-11D3-BF4B-00C04F79EFBC}") = "TASK 2. Sortable Shapes", "TASK 2. Sortable Shapes\TASK 2. Sortable Shapes.csproj", "{213503B7-1156-4475-9E69-54CDA74FF2AE}"
EndProject
Project("{FAE04EC0-301F-11D3-BF4B-00C04F79EFBC}") = "TASK 1. Rail Fence Cipher", "TASK 1. Rail Fence Cipher\TASK 1. Rail Fence Cipher.csproj", "{1BE9053D-5C3C-4A46-B9FB-96D083D7F11D}"
EndProject
Global
	GlobalSection(SolutionConfigurationPlatforms) = preSolution
		Debug|Any CPU = Debug|Any CPU
		Release|Any CPU = Release|Any CPU
	EndGlobalSection
	GlobalSection(ProjectConfigurationPlatforms) = postSolution
		{C6FE6E01-C8E8-4713-B832-643DECB5785C}.Debug|Any CPU.ActiveCfg = Debug|Any CPU
		{C6FE6E01-C8E8-4713-B832-643DECB5785C}.Debug|Any CPU.Build.0 = Debug|Any CPU
		{C6FE6E01-C8E8-4713-B832-643DECB5785C}.Release|Any CPU.ActiveCfg = Release|Any CPU
		{C6FE6E01-C8E8-4713-B832-643DECB5785C}.Release|Any CPU.Build.0 = Release|Any CPU
		{213503B7-1156-4475-9E69-54CDA74FF2AE}.Debug|Any CPU.ActiveCfg = Debug|Any CPU
		{213503B7-1156-4475-9E69-54CDA74FF2AE}.Debug|Any CPU.Build.0 = Debug|Any CPU
		{213503B7-1156-4475-9E69-54CDA74FF2AE}.Release|Any CPU.ActiveCfg = Release|Any CPU
		{213503B7-1156-4475-9E69-54CDA74FF2AE}.Release|Any CPU.Build.0 = Release|Any CPU
		{1BE9053D-5C3C-4A46-B9FB-96D083D7F11D}.Debug|Any CPU.ActiveCfg = Debug|Any CPU
		{1BE9053D-5C3C-4A46-B9FB-96D083D7F11D}.Debug|Any CPU.Build.0 = Debug|Any CPU
		{1BE9053D-5C3C-4A46-B9FB-96D083D7F11D}.Release|Any CPU.ActiveCfg = Release|Any CPU
		{1BE9053D-5C3C-4A46-B9FB-96D083D7F11D}.Release|Any CPU.Build.0 = Release|Any CPU
	EndGlobalSection
	GlobalSection(SolutionProperties) = preSolution
		HideSolutionNode = FALSE
	EndGlobalSection
	GlobalSection(ExtensibilityGlobals) = postSolution
		SolutionGuid = {EEFB275B-EFD4-48B6-8A89-8572536F8C84}
	EndGlobalSection
EndGlobal
